
Microsoft Visual Studio Solution File, Format Version 12.00
# Visual Studio Version 16
VisualStudioVersion = 16.0.30804.86
MinimumVisualStudioVersion = 10.0.40219.1
Project("{FAE04EC0-301F-11D3-BF4B-00C04F79EFBC}") = "BikeRepairShop", "c-sharp-bike-repair-shop\BikeRepairShop.csproj", "{07431E5C-3C9E-431C-8CBC-2694D967000F}"
EndProject
Project("{FAE04EC0-301F-11D3-BF4B-00C04F79EFBC}") = "BikeRepairShopTests", "BikeRepairShopTests\BikeRepairShopTests.csproj", "{3F2E1913-534B-418F-BC8D-0513C93E2E25}"
EndProject
Global
	GlobalSection(SolutionConfigurationPlatforms) = preSolution
		Debug|Any CPU = Debug|Any CPU
		Release|Any CPU = Release|Any CPU
	EndGlobalSection
	GlobalSection(ProjectConfigurationPlatforms) = postSolution
		{07431E5C-3C9E-431C-8CBC-2694D967000F}.Debug|Any CPU.ActiveCfg = Debug|Any CPU
		{07431E5C-3C9E-431C-8CBC-2694D967000F}.Debug|Any CPU.Build.0 = Debug|Any CPU
		{07431E5C-3C9E-431C-8CBC-2694D967000F}.Release|Any CPU.ActiveCfg = Release|Any CPU
		{07431E5C-3C9E-431C-8CBC-2694D967000F}.Release|Any CPU.Build.0 = Release|Any CPU
		{3F2E1913-534B-418F-BC8D-0513C93E2E25}.Debug|Any CPU.ActiveCfg = Debug|Any CPU
		{3F2E1913-534B-418F-BC8D-0513C93E2E25}.Debug|Any CPU.Build.0 = Debug|Any CPU
		{3F2E1913-534B-418F-BC8D-0513C93E2E25}.Release|Any CPU.ActiveCfg = Release|Any CPU
		{3F2E1913-534B-418F-BC8D-0513C93E2E25}.Release|Any CPU.Build.0 = Release|Any CPU
	EndGlobalSection
	GlobalSection(SolutionProperties) = preSolution
		HideSolutionNode = FALSE
	EndGlobalSection
	GlobalSection(ExtensibilityGlobals) = postSolution
		SolutionGuid = {7F36D7AA-D81F-4736-BFDE-43486B01AFE8}
	EndGlobalSection
EndGlobal
